// !$*UTF8*$!
{
	archiveVersion = 1;
	classes = {
	};
	objectVersion = 56;
	objects = {

/* Begin PBXBuildFile section */
		B4141C272A01459200CA55D0 /* ConfigureImageview.swift in Sources */ = {isa = PBXBuildFile; fileRef = B4141C262A01459200CA55D0 /* ConfigureImageview.swift */; };
		B414AFEB29FFA77A003DAD64 /* DetailsView.swift in Sources */ = {isa = PBXBuildFile; fileRef = B414AFEA29FFA77A003DAD64 /* DetailsView.swift */; };
		B414AFEE29FFA87A003DAD64 /* DetailsTableViewCell.swift in Sources */ = {isa = PBXBuildFile; fileRef = B414AFEC29FFA87A003DAD64 /* DetailsTableViewCell.swift */; };
		B414AFEF29FFA87A003DAD64 /* DetailsTableViewCell.xib in Resources */ = {isa = PBXBuildFile; fileRef = B414AFED29FFA87A003DAD64 /* DetailsTableViewCell.xib */; };
		B4370B7329FC687C00E2A0B0 /* AppDelegate.swift in Sources */ = {isa = PBXBuildFile; fileRef = B4370B7229FC687C00E2A0B0 /* AppDelegate.swift */; };
		B4370B7529FC687C00E2A0B0 /* SceneDelegate.swift in Sources */ = {isa = PBXBuildFile; fileRef = B4370B7429FC687C00E2A0B0 /* SceneDelegate.swift */; };
		B4370B7729FC687C00E2A0B0 /* ViewController.swift in Sources */ = {isa = PBXBuildFile; fileRef = B4370B7629FC687C00E2A0B0 /* ViewController.swift */; };
		B4370B7A29FC687C00E2A0B0 /* Main.storyboard in Resources */ = {isa = PBXBuildFile; fileRef = B4370B7829FC687C00E2A0B0 /* Main.storyboard */; };
		B4370B7C29FC687D00E2A0B0 /* Assets.xcassets in Resources */ = {isa = PBXBuildFile; fileRef = B4370B7B29FC687D00E2A0B0 /* Assets.xcassets */; };
		B4370B7F29FC687D00E2A0B0 /* LaunchScreen.storyboard in Resources */ = {isa = PBXBuildFile; fileRef = B4370B7D29FC687D00E2A0B0 /* LaunchScreen.storyboard */; };
		B4370B8929FC68B600E2A0B0 /* Result.swift in Sources */ = {isa = PBXBuildFile; fileRef = B4370B8829FC68B500E2A0B0 /* Result.swift */; };
		B4370B8B29FC694900E2A0B0 /* CoordModel.swift in Sources */ = {isa = PBXBuildFile; fileRef = B4370B8A29FC694900E2A0B0 /* CoordModel.swift */; };
		B4370B8D29FC698000E2A0B0 /* WeatherModel.swift in Sources */ = {isa = PBXBuildFile; fileRef = B4370B8C29FC698000E2A0B0 /* WeatherModel.swift */; };
		B4370B8F29FC6A2800E2A0B0 /* MainModel.swift in Sources */ = {isa = PBXBuildFile; fileRef = B4370B8E29FC6A2800E2A0B0 /* MainModel.swift */; };
		B4370B9129FC6F0D00E2A0B0 /* WindModel.swift in Sources */ = {isa = PBXBuildFile; fileRef = B4370B9029FC6F0D00E2A0B0 /* WindModel.swift */; };
		B4370B9329FC6F5800E2A0B0 /* CloudsModel.swift in Sources */ = {isa = PBXBuildFile; fileRef = B4370B9229FC6F5800E2A0B0 /* CloudsModel.swift */; };
		B4370B9529FC6F7C00E2A0B0 /* SystemModel.swift in Sources */ = {isa = PBXBuildFile; fileRef = B4370B9429FC6F7C00E2A0B0 /* SystemModel.swift */; };
		B4370B9729FC74B000E2A0B0 /* HttpRequest.swift in Sources */ = {isa = PBXBuildFile; fileRef = B4370B9629FC74B000E2A0B0 /* HttpRequest.swift */; };
		B4370B9A29FC791000E2A0B0 /* ResultAirPollution.swift in Sources */ = {isa = PBXBuildFile; fileRef = B4370B9929FC791000E2A0B0 /* ResultAirPollution.swift */; };
		B4370B9D29FC79D500E2A0B0 /* ListModel.swift in Sources */ = {isa = PBXBuildFile; fileRef = B4370B9C29FC79D500E2A0B0 /* ListModel.swift */; };
		B4370B9F29FC7A7A00E2A0B0 /* AirPollutionMainModel.swift in Sources */ = {isa = PBXBuildFile; fileRef = B4370B9E29FC7A7A00E2A0B0 /* AirPollutionMainModel.swift */; };
		B4370BA129FC7AA000E2A0B0 /* ComponentsModel.swift in Sources */ = {isa = PBXBuildFile; fileRef = B4370BA029FC7AA000E2A0B0 /* ComponentsModel.swift */; };
		B4A699AE2A0286A900E3229A /* ControlAirPollution.swift in Sources */ = {isa = PBXBuildFile; fileRef = B4A699AD2A0286A900E3229A /* ControlAirPollution.swift */; };
		B4A699B12A02937400E3229A /* AirPollutionView.swift in Sources */ = {isa = PBXBuildFile; fileRef = B4A699B02A02937400E3229A /* AirPollutionView.swift */; };
		B4A699B62A0293A300E3229A /* AirPollutionCollectionViewCell.swift in Sources */ = {isa = PBXBuildFile; fileRef = B4A699B42A0293A300E3229A /* AirPollutionCollectionViewCell.swift */; };
		B4A699B72A0293A300E3229A /* AirPollutionCollectionViewCell.xib in Resources */ = {isa = PBXBuildFile; fileRef = B4A699B52A0293A300E3229A /* AirPollutionCollectionViewCell.xib */; };
		B4BDB84C29FE696900A2F2B0 /* ResultForeCast.swift in Sources */ = {isa = PBXBuildFile; fileRef = B4BDB84B29FE696900A2F2B0 /* ResultForeCast.swift */; };
		B4BDB84E29FE69B100A2F2B0 /* ForecastListModel.swift in Sources */ = {isa = PBXBuildFile; fileRef = B4BDB84D29FE69B100A2F2B0 /* ForecastListModel.swift */; };
		B4BDB85229FE6DB600A2F2B0 /* ForeCastMainModel.swift in Sources */ = {isa = PBXBuildFile; fileRef = B4BDB85129FE6DB600A2F2B0 /* ForeCastMainModel.swift */; };
		B4BDB85629FE719B00A2F2B0 /* ForeCastSysModel.swift in Sources */ = {isa = PBXBuildFile; fileRef = B4BDB85529FE719B00A2F2B0 /* ForeCastSysModel.swift */; };
		B4BDB85829FE739C00A2F2B0 /* ForeCastCityModel.swift in Sources */ = {isa = PBXBuildFile; fileRef = B4BDB85729FE739C00A2F2B0 /* ForeCastCityModel.swift */; };
		B4BDB85E29FF17C600A2F2B0 /* SheetViewController.swift in Sources */ = {isa = PBXBuildFile; fileRef = B4BDB85D29FF17C600A2F2B0 /* SheetViewController.swift */; };
/* End PBXBuildFile section */

/* Begin PBXFileReference section */
		B4141C262A01459200CA55D0 /* ConfigureImageview.swift */ = {isa = PBXFileReference; lastKnownFileType = sourcecode.swift; path = ConfigureImageview.swift; sourceTree = "<group>"; };
		B414AFEA29FFA77A003DAD64 /* DetailsView.swift */ = {isa = PBXFileReference; lastKnownFileType = sourcecode.swift; path = DetailsView.swift; sourceTree = "<group>"; };
		B414AFEC29FFA87A003DAD64 /* DetailsTableViewCell.swift */ = {isa = PBXFileReference; lastKnownFileType = sourcecode.swift; path = DetailsTableViewCell.swift; sourceTree = "<group>"; };
		B414AFED29FFA87A003DAD64 /* DetailsTableViewCell.xib */ = {isa = PBXFileReference; lastKnownFileType = file.xib; path = DetailsTableViewCell.xib; sourceTree = "<group>"; };
		B4370B6F29FC687C00E2A0B0 /* WeatherApp.app */ = {isa = PBXFileReference; explicitFileType = wrapper.application; includeInIndex = 0; path = WeatherApp.app; sourceTree = BUILT_PRODUCTS_DIR; };
		B4370B7229FC687C00E2A0B0 /* AppDelegate.swift */ = {isa = PBXFileReference; lastKnownFileType = sourcecode.swift; path = AppDelegate.swift; sourceTree = "<group>"; };
		B4370B7429FC687C00E2A0B0 /* SceneDelegate.swift */ = {isa = PBXFileReference; lastKnownFileType = sourcecode.swift; path = SceneDelegate.swift; sourceTree = "<group>"; };
		B4370B7629FC687C00E2A0B0 /* ViewController.swift */ = {isa = PBXFileReference; lastKnownFileType = sourcecode.swift; path = ViewController.swift; sourceTree = "<group>"; };
		B4370B7929FC687C00E2A0B0 /* Base */ = {isa = PBXFileReference; lastKnownFileType = file.storyboard; name = Base; path = Base.lproj/Main.storyboard; sourceTree = "<group>"; };
		B4370B7B29FC687D00E2A0B0 /* Assets.xcassets */ = {isa = PBXFileReference; lastKnownFileType = folder.assetcatalog; path = Assets.xcassets; sourceTree = "<group>"; };
		B4370B7E29FC687D00E2A0B0 /* Base */ = {isa = PBXFileReference; lastKnownFileType = file.storyboard; name = Base; path = Base.lproj/LaunchScreen.storyboard; sourceTree = "<group>"; };
		B4370B8029FC687D00E2A0B0 /* Info.plist */ = {isa = PBXFileReference; lastKnownFileType = text.plist.xml; path = Info.plist; sourceTree = "<group>"; };
		B4370B8829FC68B500E2A0B0 /* Result.swift */ = {isa = PBXFileReference; lastKnownFileType = sourcecode.swift; path = Result.swift; sourceTree = "<group>"; };
		B4370B8A29FC694900E2A0B0 /* CoordModel.swift */ = {isa = PBXFileReference; lastKnownFileType = sourcecode.swift; path = CoordModel.swift; sourceTree = "<group>"; };
		B4370B8C29FC698000E2A0B0 /* WeatherModel.swift */ = {isa = PBXFileReference; lastKnownFileType = sourcecode.swift; path = WeatherModel.swift; sourceTree = "<group>"; };
		B4370B8E29FC6A2800E2A0B0 /* MainModel.swift */ = {isa = PBXFileReference; lastKnownFileType = sourcecode.swift; path = MainModel.swift; sourceTree = "<group>"; };
		B4370B9029FC6F0D00E2A0B0 /* WindModel.swift */ = {isa = PBXFileReference; lastKnownFileType = sourcecode.swift; path = WindModel.swift; sourceTree = "<group>"; };
		B4370B9229FC6F5800E2A0B0 /* CloudsModel.swift */ = {isa = PBXFileReference; lastKnownFileType = sourcecode.swift; path = CloudsModel.swift; sourceTree = "<group>"; };
		B4370B9429FC6F7C00E2A0B0 /* SystemModel.swift */ = {isa = PBXFileReference; lastKnownFileType = sourcecode.swift; path = SystemModel.swift; sourceTree = "<group>"; };
		B4370B9629FC74B000E2A0B0 /* HttpRequest.swift */ = {isa = PBXFileReference; lastKnownFileType = sourcecode.swift; path = HttpRequest.swift; sourceTree = "<group>"; };
		B4370B9929FC791000E2A0B0 /* ResultAirPollution.swift */ = {isa = PBXFileReference; lastKnownFileType = sourcecode.swift; path = ResultAirPollution.swift; sourceTree = "<group>"; };
		B4370B9C29FC79D500E2A0B0 /* ListModel.swift */ = {isa = PBXFileReference; lastKnownFileType = sourcecode.swift; path = ListModel.swift; sourceTree = "<group>"; };
		B4370B9E29FC7A7A00E2A0B0 /* AirPollutionMainModel.swift */ = {isa = PBXFileReference; lastKnownFileType = sourcecode.swift; path = AirPollutionMainModel.swift; sourceTree = "<group>"; };
		B4370BA029FC7AA000E2A0B0 /* ComponentsModel.swift */ = {isa = PBXFileReference; lastKnownFileType = sourcecode.swift; path = ComponentsModel.swift; sourceTree = "<group>"; };
		B4A699AD2A0286A900E3229A /* ControlAirPollution.swift */ = {isa = PBXFileReference; lastKnownFileType = sourcecode.swift; path = ControlAirPollution.swift; sourceTree = "<group>"; };
		B4A699B02A02937400E3229A /* AirPollutionView.swift */ = {isa = PBXFileReference; lastKnownFileType = sourcecode.swift; path = AirPollutionView.swift; sourceTree = "<group>"; };
		B4A699B42A0293A300E3229A /* AirPollutionCollectionViewCell.swift */ = {isa = PBXFileReference; lastKnownFileType = sourcecode.swift; path = AirPollutionCollectionViewCell.swift; sourceTree = "<group>"; };
		B4A699B52A0293A300E3229A /* AirPollutionCollectionViewCell.xib */ = {isa = PBXFileReference; lastKnownFileType = file.xib; path = AirPollutionCollectionViewCell.xib; sourceTree = "<group>"; };
		B4BDB84B29FE696900A2F2B0 /* ResultForeCast.swift */ = {isa = PBXFileReference; lastKnownFileType = sourcecode.swift; path = ResultForeCast.swift; sourceTree = "<group>"; };
		B4BDB84D29FE69B100A2F2B0 /* ForecastListModel.swift */ = {isa = PBXFileReference; lastKnownFileType = sourcecode.swift; path = ForecastListModel.swift; sourceTree = "<group>"; };
		B4BDB85129FE6DB600A2F2B0 /* ForeCastMainModel.swift */ = {isa = PBXFileReference; lastKnownFileType = sourcecode.swift; path = ForeCastMainModel.swift; sourceTree = "<group>"; };
		B4BDB85529FE719B00A2F2B0 /* ForeCastSysModel.swift */ = {isa = PBXFileReference; lastKnownFileType = sourcecode.swift; path = ForeCastSysModel.swift; sourceTree = "<group>"; };
		B4BDB85729FE739C00A2F2B0 /* ForeCastCityModel.swift */ = {isa = PBXFileReference; lastKnownFileType = sourcecode.swift; path = ForeCastCityModel.swift; sourceTree = "<group>"; };
		B4BDB85D29FF17C600A2F2B0 /* SheetViewController.swift */ = {isa = PBXFileReference; lastKnownFileType = sourcecode.swift; path = SheetViewController.swift; sourceTree = "<group>"; };
/* End PBXFileReference section */

/* Begin PBXFrameworksBuildPhase section */
		B4370B6C29FC687C00E2A0B0 /* Frameworks */ = {
			isa = PBXFrameworksBuildPhase;
			buildActionMask = 2147483647;
			files = (
			);
			runOnlyForDeploymentPostprocessing = 0;
		};
/* End PBXFrameworksBuildPhase section */

/* Begin PBXGroup section */
		B414AFE929FFA6CA003DAD64 /* DetailsGroup */ = {
			isa = PBXGroup;
			children = (
				B414AFEA29FFA77A003DAD64 /* DetailsView.swift */,
				B414AFEC29FFA87A003DAD64 /* DetailsTableViewCell.swift */,
				B414AFED29FFA87A003DAD64 /* DetailsTableViewCell.xib */,
			);
			path = DetailsGroup;
			sourceTree = "<group>";
		};
		B4370B6629FC687C00E2A0B0 = {
			isa = PBXGroup;
			children = (
				B4370B7129FC687C00E2A0B0 /* WeatherApp */,
				B4370B7029FC687C00E2A0B0 /* Products */,
			);
			sourceTree = "<group>";
		};
		B4370B7029FC687C00E2A0B0 /* Products */ = {
			isa = PBXGroup;
			children = (
				B4370B6F29FC687C00E2A0B0 /* WeatherApp.app */,
			);
			name = Products;
			sourceTree = "<group>";
		};
		B4370B7129FC687C00E2A0B0 /* WeatherApp */ = {
			isa = PBXGroup;
			children = (
				B4A699AF2A02927700E3229A /* AirPollutionGroup */,
				B414AFE929FFA6CA003DAD64 /* DetailsGroup */,
				B4370B8629FC689600E2A0B0 /* Models */,
				B4370B7229FC687C00E2A0B0 /* AppDelegate.swift */,
				B4370B7429FC687C00E2A0B0 /* SceneDelegate.swift */,
				B4370B7629FC687C00E2A0B0 /* ViewController.swift */,
				B4BDB85D29FF17C600A2F2B0 /* SheetViewController.swift */,
				B4370B9629FC74B000E2A0B0 /* HttpRequest.swift */,
				B4370B7829FC687C00E2A0B0 /* Main.storyboard */,
				B4370B7B29FC687D00E2A0B0 /* Assets.xcassets */,
				B4370B7D29FC687D00E2A0B0 /* LaunchScreen.storyboard */,
				B4370B8029FC687D00E2A0B0 /* Info.plist */,
				B4141C262A01459200CA55D0 /* ConfigureImageview.swift */,
				B4A699AD2A0286A900E3229A /* ControlAirPollution.swift */,
			);
			path = WeatherApp;
			sourceTree = "<group>";
		};
		B4370B8629FC689600E2A0B0 /* Models */ = {
			isa = PBXGroup;
			children = (
				B4370B9B29FC792D00E2A0B0 /* ForecastModels */,
				B4370B9829FC78F100E2A0B0 /* AirPollutionDataModels */,
				B4370B8729FC689C00E2A0B0 /* CurrentDataModels */,
			);
			path = Models;
			sourceTree = "<group>";
		};
		B4370B8729FC689C00E2A0B0 /* CurrentDataModels */ = {
			isa = PBXGroup;
			children = (
				B4370B8829FC68B500E2A0B0 /* Result.swift */,
				B4370B8A29FC694900E2A0B0 /* CoordModel.swift */,
				B4370B8C29FC698000E2A0B0 /* WeatherModel.swift */,
				B4370B8E29FC6A2800E2A0B0 /* MainModel.swift */,
				B4370B9029FC6F0D00E2A0B0 /* WindModel.swift */,
				B4370B9229FC6F5800E2A0B0 /* CloudsModel.swift */,
				B4370B9429FC6F7C00E2A0B0 /* SystemModel.swift */,
			);
			path = CurrentDataModels;
			sourceTree = "<group>";
		};
		B4370B9829FC78F100E2A0B0 /* AirPollutionDataModels */ = {
			isa = PBXGroup;
			children = (
				B4370B9929FC791000E2A0B0 /* ResultAirPollution.swift */,
				B4370B9C29FC79D500E2A0B0 /* ListModel.swift */,
				B4370B9E29FC7A7A00E2A0B0 /* AirPollutionMainModel.swift */,
				B4370BA029FC7AA000E2A0B0 /* ComponentsModel.swift */,
			);
			path = AirPollutionDataModels;
			sourceTree = "<group>";
		};
		B4370B9B29FC792D00E2A0B0 /* ForecastModels */ = {
			isa = PBXGroup;
			children = (
				B4BDB84B29FE696900A2F2B0 /* ResultForeCast.swift */,
				B4BDB84D29FE69B100A2F2B0 /* ForecastListModel.swift */,
				B4BDB85129FE6DB600A2F2B0 /* ForeCastMainModel.swift */,
				B4BDB85529FE719B00A2F2B0 /* ForeCastSysModel.swift */,
				B4BDB85729FE739C00A2F2B0 /* ForeCastCityModel.swift */,
			);
			path = ForecastModels;
			sourceTree = "<group>";
		};
		B4A699AF2A02927700E3229A /* AirPollutionGroup */ = {
			isa = PBXGroup;
			children = (
				B4A699B02A02937400E3229A /* AirPollutionView.swift */,
				B4A699B42A0293A300E3229A /* AirPollutionCollectionViewCell.swift */,
				B4A699B52A0293A300E3229A /* AirPollutionCollectionViewCell.xib */,
			);
			path = AirPollutionGroup;
			sourceTree = "<group>";
		};
/* End PBXGroup section */

/* Begin PBXNativeTarget section */
		B4370B6E29FC687C00E2A0B0 /* WeatherApp */ = {
			isa = PBXNativeTarget;
			buildConfigurationList = B4370B8329FC687D00E2A0B0 /* Build configuration list for PBXNativeTarget "WeatherApp" */;
			buildPhases = (
				B4370B6B29FC687C00E2A0B0 /* Sources */,
				B4370B6C29FC687C00E2A0B0 /* Frameworks */,
				B4370B6D29FC687C00E2A0B0 /* Resources */,
			);
			buildRules = (
			);
			dependencies = (
			);
			name = WeatherApp;
			productName = WeatherApp;
			productReference = B4370B6F29FC687C00E2A0B0 /* WeatherApp.app */;
			productType = "com.apple.product-type.application";
		};
/* End PBXNativeTarget section */

/* Begin PBXProject section */
		B4370B6729FC687C00E2A0B0 /* Project object */ = {
			isa = PBXProject;
			attributes = {
				BuildIndependentTargetsInParallel = 1;
				LastSwiftUpdateCheck = 1430;
				LastUpgradeCheck = 1430;
				TargetAttributes = {
					B4370B6E29FC687C00E2A0B0 = {
						CreatedOnToolsVersion = 14.3;
					};
				};
			};
			buildConfigurationList = B4370B6A29FC687C00E2A0B0 /* Build configuration list for PBXProject "WeatherApp" */;
			compatibilityVersion = "Xcode 14.0";
			developmentRegion = en;
			hasScannedForEncodings = 0;
			knownRegions = (
				en,
				Base,
			);
			mainGroup = B4370B6629FC687C00E2A0B0;
			productRefGroup = B4370B7029FC687C00E2A0B0 /* Products */;
			projectDirPath = "";
			projectRoot = "";
			targets = (
				B4370B6E29FC687C00E2A0B0 /* WeatherApp */,
			);
		};
/* End PBXProject section */

/* Begin PBXResourcesBuildPhase section */
		B4370B6D29FC687C00E2A0B0 /* Resources */ = {
			isa = PBXResourcesBuildPhase;
			buildActionMask = 2147483647;
			files = (
				B4A699B72A0293A300E3229A /* AirPollutionCollectionViewCell.xib in Resources */,
				B4370B7F29FC687D00E2A0B0 /* LaunchScreen.storyboard in Resources */,
				B4370B7C29FC687D00E2A0B0 /* Assets.xcassets in Resources */,
				B414AFEF29FFA87A003DAD64 /* DetailsTableViewCell.xib in Resources */,
				B4370B7A29FC687C00E2A0B0 /* Main.storyboard in Resources */,
			);
			runOnlyForDeploymentPostprocessing = 0;
		};
/* End PBXResourcesBuildPhase section */

/* Begin PBXSourcesBuildPhase section */
		B4370B6B29FC687C00E2A0B0 /* Sources */ = {
			isa = PBXSourcesBuildPhase;
			buildActionMask = 2147483647;
			files = (
				B4370B9A29FC791000E2A0B0 /* ResultAirPollution.swift in Sources */,
				B4370B7729FC687C00E2A0B0 /* ViewController.swift in Sources */,
				B4370B7329FC687C00E2A0B0 /* AppDelegate.swift in Sources */,
				B4141C272A01459200CA55D0 /* ConfigureImageview.swift in Sources */,
				B4BDB85829FE739C00A2F2B0 /* ForeCastCityModel.swift in Sources */,
				B4370B8B29FC694900E2A0B0 /* CoordModel.swift in Sources */,
				B4370B9F29FC7A7A00E2A0B0 /* AirPollutionMainModel.swift in Sources */,
				B4BDB84C29FE696900A2F2B0 /* ResultForeCast.swift in Sources */,
				B4370B9329FC6F5800E2A0B0 /* CloudsModel.swift in Sources */,
				B4370B9529FC6F7C00E2A0B0 /* SystemModel.swift in Sources */,
				B4A699B62A0293A300E3229A /* AirPollutionCollectionViewCell.swift in Sources */,
				B4370B8F29FC6A2800E2A0B0 /* MainModel.swift in Sources */,
				B4BDB85229FE6DB600A2F2B0 /* ForeCastMainModel.swift in Sources */,
				B4370BA129FC7AA000E2A0B0 /* ComponentsModel.swift in Sources */,
				B4BDB85629FE719B00A2F2B0 /* ForeCastSysModel.swift in Sources */,
				B4A699B12A02937400E3229A /* AirPollutionView.swift in Sources */,
				B4370B8929FC68B600E2A0B0 /* Result.swift in Sources */,
				B4370B9129FC6F0D00E2A0B0 /* WindModel.swift in Sources */,
				B4370B9729FC74B000E2A0B0 /* HttpRequest.swift in Sources */,
				B4BDB84E29FE69B100A2F2B0 /* ForecastListModel.swift in Sources */,
				B414AFEE29FFA87A003DAD64 /* DetailsTableViewCell.swift in Sources */,
				B414AFEB29FFA77A003DAD64 /* DetailsView.swift in Sources */,
				B4370B9D29FC79D500E2A0B0 /* ListModel.swift in Sources */,
				B4A699AE2A0286A900E3229A /* ControlAirPollution.swift in Sources */,
				B4BDB85E29FF17C600A2F2B0 /* SheetViewController.swift in Sources */,
				B4370B8D29FC698000E2A0B0 /* WeatherModel.swift in Sources */,
				B4370B7529FC687C00E2A0B0 /* SceneDelegate.swift in Sources */,
			);
			runOnlyForDeploymentPostprocessing = 0;
		};
/* End PBXSourcesBuildPhase section */

/* Begin PBXVariantGroup section */
		B4370B7829FC687C00E2A0B0 /* Main.storyboard */ = {
			isa = PBXVariantGroup;
			children = (
				B4370B7929FC687C00E2A0B0 /* Base */,
			);
			name = Main.storyboard;
			sourceTree = "<group>";
		};
		B4370B7D29FC687D00E2A0B0 /* LaunchScreen.storyboard */ = {
			isa = PBXVariantGroup;
			children = (
				B4370B7E29FC687D00E2A0B0 /* Base */,
			);
			name = LaunchScreen.storyboard;
			sourceTree = "<group>";
		};
/* End PBXVariantGroup section */

/* Begin XCBuildConfiguration section */
		B4370B8129FC687D00E2A0B0 /* Debug */ = {
			isa = XCBuildConfiguration;
			buildSettings = {
				ALWAYS_SEARCH_USER_PATHS = NO;
				CLANG_ANALYZER_NONNULL = YES;
				CLANG_ANALYZER_NUMBER_OBJECT_CONVERSION = YES_AGGRESSIVE;
				CLANG_CXX_LANGUAGE_STANDARD = "gnu++20";
				CLANG_ENABLE_MODULES = YES;
				CLANG_ENABLE_OBJC_ARC = YES;
				CLANG_ENABLE_OBJC_WEAK = YES;
				CLANG_WARN_BLOCK_CAPTURE_AUTORELEASING = YES;
				CLANG_WARN_BOOL_CONVERSION = YES;
				CLANG_WARN_COMMA = YES;
				CLANG_WARN_CONSTANT_CONVERSION = YES;
				CLANG_WARN_DEPRECATED_OBJC_IMPLEMENTATIONS = YES;
				CLANG_WARN_DIRECT_OBJC_ISA_USAGE = YES_ERROR;
				CLANG_WARN_DOCUMENTATION_COMMENTS = YES;
				CLANG_WARN_EMPTY_BODY = YES;
				CLANG_WARN_ENUM_CONVERSION = YES;
				CLANG_WARN_INFINITE_RECURSION = YES;
				CLANG_WARN_INT_CONVERSION = YES;
				CLANG_WARN_NON_LITERAL_NULL_CONVERSION = YES;
				CLANG_WARN_OBJC_IMPLICIT_RETAIN_SELF = YES;
				CLANG_WARN_OBJC_LITERAL_CONVERSION = YES;
				CLANG_WARN_OBJC_ROOT_CLASS = YES_ERROR;
				CLANG_WARN_QUOTED_INCLUDE_IN_FRAMEWORK_HEADER = YES;
				CLANG_WARN_RANGE_LOOP_ANALYSIS = YES;
				CLANG_WARN_STRICT_PROTOTYPES = YES;
				CLANG_WARN_SUSPICIOUS_MOVE = YES;
				CLANG_WARN_UNGUARDED_AVAILABILITY = YES_AGGRESSIVE;
				CLANG_WARN_UNREACHABLE_CODE = YES;
				CLANG_WARN__DUPLICATE_METHOD_MATCH = YES;
				COPY_PHASE_STRIP = NO;
				DEBUG_INFORMATION_FORMAT = dwarf;
				ENABLE_STRICT_OBJC_MSGSEND = YES;
				ENABLE_TESTABILITY = YES;
				GCC_C_LANGUAGE_STANDARD = gnu11;
				GCC_DYNAMIC_NO_PIC = NO;
				GCC_NO_COMMON_BLOCKS = YES;
				GCC_OPTIMIZATION_LEVEL = 0;
				GCC_PREPROCESSOR_DEFINITIONS = (
					"DEBUG=1",
					"$(inherited)",
				);
				GCC_WARN_64_TO_32_BIT_CONVERSION = YES;
				GCC_WARN_ABOUT_RETURN_TYPE = YES_ERROR;
				GCC_WARN_UNDECLARED_SELECTOR = YES;
				GCC_WARN_UNINITIALIZED_AUTOS = YES_AGGRESSIVE;
				GCC_WARN_UNUSED_FUNCTION = YES;
				GCC_WARN_UNUSED_VARIABLE = YES;
				IPHONEOS_DEPLOYMENT_TARGET = 16.4;
				MTL_ENABLE_DEBUG_INFO = INCLUDE_SOURCE;
				MTL_FAST_MATH = YES;
				ONLY_ACTIVE_ARCH = YES;
				SDKROOT = iphoneos;
				SWIFT_ACTIVE_COMPILATION_CONDITIONS = DEBUG;
				SWIFT_OPTIMIZATION_LEVEL = "-Onone";
			};
			name = Debug;
		};
		B4370B8229FC687D00E2A0B0 /* Release */ = {
			isa = XCBuildConfiguration;
			buildSettings = {
				ALWAYS_SEARCH_USER_PATHS = NO;
				CLANG_ANALYZER_NONNULL = YES;
				CLANG_ANALYZER_NUMBER_OBJECT_CONVERSION = YES_AGGRESSIVE;
				CLANG_CXX_LANGUAGE_STANDARD = "gnu++20";
				CLANG_ENABLE_MODULES = YES;
				CLANG_ENABLE_OBJC_ARC = YES;
				CLANG_ENABLE_OBJC_WEAK = YES;
				CLANG_WARN_BLOCK_CAPTURE_AUTORELEASING = YES;
				CLANG_WARN_BOOL_CONVERSION = YES;
				CLANG_WARN_COMMA = YES;
				CLANG_WARN_CONSTANT_CONVERSION = YES;
				CLANG_WARN_DEPRECATED_OBJC_IMPLEMENTATIONS = YES;
				CLANG_WARN_DIRECT_OBJC_ISA_USAGE = YES_ERROR;
				CLANG_WARN_DOCUMENTATION_COMMENTS = YES;
				CLANG_WARN_EMPTY_BODY = YES;
				CLANG_WARN_ENUM_CONVERSION = YES;
				CLANG_WARN_INFINITE_RECURSION = YES;
				CLANG_WARN_INT_CONVERSION = YES;
				CLANG_WARN_NON_LITERAL_NULL_CONVERSION = YES;
				CLANG_WARN_OBJC_IMPLICIT_RETAIN_SELF = YES;
				CLANG_WARN_OBJC_LITERAL_CONVERSION = YES;
				CLANG_WARN_OBJC_ROOT_CLASS = YES_ERROR;
				CLANG_WARN_QUOTED_INCLUDE_IN_FRAMEWORK_HEADER = YES;
				CLANG_WARN_RANGE_LOOP_ANALYSIS = YES;
				CLANG_WARN_STRICT_PROTOTYPES = YES;
				CLANG_WARN_SUSPICIOUS_MOVE = YES;
				CLANG_WARN_UNGUARDED_AVAILABILITY = YES_AGGRESSIVE;
				CLANG_WARN_UNREACHABLE_CODE = YES;
				CLANG_WARN__DUPLICATE_METHOD_MATCH = YES;
				COPY_PHASE_STRIP = NO;
				DEBUG_INFORMATION_FORMAT = "dwarf-with-dsym";
				ENABLE_NS_ASSERTIONS = NO;
				ENABLE_STRICT_OBJC_MSGSEND = YES;
				GCC_C_LANGUAGE_STANDARD = gnu11;
				GCC_NO_COMMON_BLOCKS = YES;
				GCC_WARN_64_TO_32_BIT_CONVERSION = YES;
				GCC_WARN_ABOUT_RETURN_TYPE = YES_ERROR;
				GCC_WARN_UNDECLARED_SELECTOR = YES;
				GCC_WARN_UNINITIALIZED_AUTOS = YES_AGGRESSIVE;
				GCC_WARN_UNUSED_FUNCTION = YES;
				GCC_WARN_UNUSED_VARIABLE = YES;
				IPHONEOS_DEPLOYMENT_TARGET = 16.4;
				MTL_ENABLE_DEBUG_INFO = NO;
				MTL_FAST_MATH = YES;
				SDKROOT = iphoneos;
				SWIFT_COMPILATION_MODE = wholemodule;
				SWIFT_OPTIMIZATION_LEVEL = "-O";
				VALIDATE_PRODUCT = YES;
			};
			name = Release;
		};
		B4370B8429FC687D00E2A0B0 /* Debug */ = {
			isa = XCBuildConfiguration;
			buildSettings = {
				ASSETCATALOG_COMPILER_APPICON_NAME = AppIcon;
				ASSETCATALOG_COMPILER_GLOBAL_ACCENT_COLOR_NAME = AccentColor;
				CODE_SIGN_STYLE = Automatic;
				CURRENT_PROJECT_VERSION = 1;
				GENERATE_INFOPLIST_FILE = YES;
				INFOPLIST_FILE = WeatherApp/Info.plist;
				INFOPLIST_KEY_UIApplicationSupportsIndirectInputEvents = YES;
				INFOPLIST_KEY_UILaunchStoryboardName = LaunchScreen;
				INFOPLIST_KEY_UIMainStoryboardFile = Main;
				INFOPLIST_KEY_UISupportedInterfaceOrientations_iPad = "UIInterfaceOrientationPortrait UIInterfaceOrientationPortraitUpsideDown UIInterfaceOrientationLandscapeLeft UIInterfaceOrientationLandscapeRight";
				INFOPLIST_KEY_UISupportedInterfaceOrientations_iPhone = "UIInterfaceOrientationPortrait UIInterfaceOrientationLandscapeLeft UIInterfaceOrientationLandscapeRight";
				LD_RUNPATH_SEARCH_PATHS = (
					"$(inherited)",
					"@executable_path/Frameworks",
				);
				MARKETING_VERSION = 1.0;
				PRODUCT_BUNDLE_IDENTIFIER = com.yusufemirhanarslan.WeatherApp;
				PRODUCT_NAME = "$(TARGET_NAME)";
				SWIFT_EMIT_LOC_STRINGS = YES;
				SWIFT_VERSION = 5.0;
				TARGETED_DEVICE_FAMILY = "1,2";
			};
			name = Debug;
		};
		B4370B8529FC687D00E2A0B0 /* Release */ = {
			isa = XCBuildConfiguration;
			buildSettings = {
				ASSETCATALOG_COMPILER_APPICON_NAME = AppIcon;
				ASSETCATALOG_COMPILER_GLOBAL_ACCENT_COLOR_NAME = AccentColor;
				CODE_SIGN_STYLE = Automatic;
				CURRENT_PROJECT_VERSION = 1;
				GENERATE_INFOPLIST_FILE = YES;
				INFOPLIST_FILE = WeatherApp/Info.plist;
				INFOPLIST_KEY_UIApplicationSupportsIndirectInputEvents = YES;
				INFOPLIST_KEY_UILaunchStoryboardName = LaunchScreen;
				INFOPLIST_KEY_UIMainStoryboardFile = Main;
				INFOPLIST_KEY_UISupportedInterfaceOrientations_iPad = "UIInterfaceOrientationPortrait UIInterfaceOrientationPortraitUpsideDown UIInterfaceOrientationLandscapeLeft UIInterfaceOrientationLandscapeRight";
				INFOPLIST_KEY_UISupportedInterfaceOrientations_iPhone = "UIInterfaceOrientationPortrait UIInterfaceOrientationLandscapeLeft UIInterfaceOrientationLandscapeRight";
				LD_RUNPATH_SEARCH_PATHS = (
					"$(inherited)",
					"@executable_path/Frameworks",
				);
				MARKETING_VERSION = 1.0;
				PRODUCT_BUNDLE_IDENTIFIER = com.yusufemirhanarslan.WeatherApp;
				PRODUCT_NAME = "$(TARGET_NAME)";
				SWIFT_EMIT_LOC_STRINGS = YES;
				SWIFT_VERSION = 5.0;
				TARGETED_DEVICE_FAMILY = "1,2";
			};
			name = Release;
		};
/* End XCBuildConfiguration section */

/* Begin XCConfigurationList section */
		B4370B6A29FC687C00E2A0B0 /* Build configuration list for PBXProject "WeatherApp" */ = {
			isa = XCConfigurationList;
			buildConfigurations = (
				B4370B8129FC687D00E2A0B0 /* Debug */,
				B4370B8229FC687D00E2A0B0 /* Release */,
			);
			defaultConfigurationIsVisible = 0;
			defaultConfigurationName = Release;
		};
		B4370B8329FC687D00E2A0B0 /* Build configuration list for PBXNativeTarget "WeatherApp" */ = {
			isa = XCConfigurationList;
			buildConfigurations = (
				B4370B8429FC687D00E2A0B0 /* Debug */,
				B4370B8529FC687D00E2A0B0 /* Release */,
			);
			defaultConfigurationIsVisible = 0;
			defaultConfigurationName = Release;
		};
/* End XCConfigurationList section */
	};
	rootObject = B4370B6729FC687C00E2A0B0 /* Project object */;
}
